// !$*UTF8*$!
{
	archiveVersion = 1;
	classes = {
	};
	objectVersion = 56;
	objects = {

/* Begin PBXBuildFile section */
		0D22089829F6C43500B545BE /* HTTP.swift in Sources */ = {isa = PBXBuildFile; fileRef = 0D22089729F6C43500B545BE /* HTTP.swift */; };
		0D22089A29F6C46E00B545BE /* Endpoints.swift in Sources */ = {isa = PBXBuildFile; fileRef = 0D22089929F6C46E00B545BE /* Endpoints.swift */; };
		0D22089C29F6C48800B545BE /* CoinService.swift in Sources */ = {isa = PBXBuildFile; fileRef = 0D22089B29F6C48800B545BE /* CoinService.swift */; };
		0D22089E29F6C4AE00B545BE /* HomeControllerViewModel.swift in Sources */ = {isa = PBXBuildFile; fileRef = 0D22089D29F6C4AE00B545BE /* HomeControllerViewModel.swift */; };
		0D28A0FE29EB207F00EC9420 /* AppDelegate.swift in Sources */ = {isa = PBXBuildFile; fileRef = 0D28A0FD29EB207F00EC9420 /* AppDelegate.swift */; };
		0D28A10029EB207F00EC9420 /* SceneDelegate.swift in Sources */ = {isa = PBXBuildFile; fileRef = 0D28A0FF29EB207F00EC9420 /* SceneDelegate.swift */; };
		0D28A10229EB207F00EC9420 /* HomeController.swift in Sources */ = {isa = PBXBuildFile; fileRef = 0D28A10129EB207F00EC9420 /* HomeController.swift */; };
		0D28A10729EB208100EC9420 /* Assets.xcassets in Resources */ = {isa = PBXBuildFile; fileRef = 0D28A10629EB208100EC9420 /* Assets.xcassets */; };
		0D28A10A29EB208100EC9420 /* LaunchScreen.storyboard in Resources */ = {isa = PBXBuildFile; fileRef = 0D28A10829EB208100EC9420 /* LaunchScreen.storyboard */; };
		0D28A11829EB229200EC9420 /* Constants.swift in Sources */ = {isa = PBXBuildFile; fileRef = 0D28A11729EB229200EC9420 /* Constants.swift */; };
		0D28A11A29EB23C100EC9420 /* Coin.swift in Sources */ = {isa = PBXBuildFile; fileRef = 0D28A11929EB23C100EC9420 /* Coin.swift */; };
		0D28A11C29EB246B00EC9420 /* CoinCell.swift in Sources */ = {isa = PBXBuildFile; fileRef = 0D28A11B29EB246B00EC9420 /* CoinCell.swift */; };
		0D28A11E29EB2C8F00EC9420 /* ViewCryptoControllerViewController.swift in Sources */ = {isa = PBXBuildFile; fileRef = 0D28A11D29EB2C8E00EC9420 /* ViewCryptoControllerViewController.swift */; };
		0D28A12029EB315C00EC9420 /* ViewCryptoControllerViewModel.swift in Sources */ = {isa = PBXBuildFile; fileRef = 0D28A11F29EB315C00EC9420 /* ViewCryptoControllerViewModel.swift */; };
		0D28A12229EB6B5E00EC9420 /* CoinError.swift in Sources */ = {isa = PBXBuildFile; fileRef = 0D28A12129EB6B5E00EC9420 /* CoinError.swift */; };
		6E603A20252D5B17A1FC802A /* Pods_ICryypt_Pro.framework in Frameworks */ = {isa = PBXBuildFile; fileRef = 618347C8262B48C38B67EB1A /* Pods_ICryypt_Pro.framework */; };
/* End PBXBuildFile section */

/* Begin PBXFileReference section */
		0D22089729F6C43500B545BE /* HTTP.swift */ = {isa = PBXFileReference; lastKnownFileType = sourcecode.swift; path = HTTP.swift; sourceTree = "<group>"; };
		0D22089929F6C46E00B545BE /* Endpoints.swift */ = {isa = PBXFileReference; lastKnownFileType = sourcecode.swift; path = Endpoints.swift; sourceTree = "<group>"; };
		0D22089B29F6C48800B545BE /* CoinService.swift */ = {isa = PBXFileReference; lastKnownFileType = sourcecode.swift; path = CoinService.swift; sourceTree = "<group>"; };
		0D22089D29F6C4AE00B545BE /* HomeControllerViewModel.swift */ = {isa = PBXFileReference; lastKnownFileType = sourcecode.swift; path = HomeControllerViewModel.swift; sourceTree = "<group>"; };
		0D28A0FA29EB207F00EC9420 /* ICryypt-Pro.app */ = {isa = PBXFileReference; explicitFileType = wrapper.application; includeInIndex = 0; path = "ICryypt-Pro.app"; sourceTree = BUILT_PRODUCTS_DIR; };
		0D28A0FD29EB207F00EC9420 /* AppDelegate.swift */ = {isa = PBXFileReference; lastKnownFileType = sourcecode.swift; path = AppDelegate.swift; sourceTree = "<group>"; };
		0D28A0FF29EB207F00EC9420 /* SceneDelegate.swift */ = {isa = PBXFileReference; lastKnownFileType = sourcecode.swift; path = SceneDelegate.swift; sourceTree = "<group>"; };
		0D28A10129EB207F00EC9420 /* HomeController.swift */ = {isa = PBXFileReference; lastKnownFileType = sourcecode.swift; path = HomeController.swift; sourceTree = "<group>"; };
		0D28A10629EB208100EC9420 /* Assets.xcassets */ = {isa = PBXFileReference; lastKnownFileType = folder.assetcatalog; path = Assets.xcassets; sourceTree = "<group>"; };
		0D28A10929EB208100EC9420 /* Base */ = {isa = PBXFileReference; lastKnownFileType = file.storyboard; name = Base; path = Base.lproj/LaunchScreen.storyboard; sourceTree = "<group>"; };
		0D28A10B29EB208100EC9420 /* Info.plist */ = {isa = PBXFileReference; lastKnownFileType = text.plist.xml; path = Info.plist; sourceTree = "<group>"; };
		0D28A11729EB229200EC9420 /* Constants.swift */ = {isa = PBXFileReference; lastKnownFileType = sourcecode.swift; path = Constants.swift; sourceTree = "<group>"; };
		0D28A11929EB23C100EC9420 /* Coin.swift */ = {isa = PBXFileReference; lastKnownFileType = sourcecode.swift; path = Coin.swift; sourceTree = "<group>"; };
		0D28A11B29EB246B00EC9420 /* CoinCell.swift */ = {isa = PBXFileReference; lastKnownFileType = sourcecode.swift; path = CoinCell.swift; sourceTree = "<group>"; };
		0D28A11D29EB2C8E00EC9420 /* ViewCryptoControllerViewController.swift */ = {isa = PBXFileReference; lastKnownFileType = sourcecode.swift; path = ViewCryptoControllerViewController.swift; sourceTree = "<group>"; };
		0D28A11F29EB315C00EC9420 /* ViewCryptoControllerViewModel.swift */ = {isa = PBXFileReference; lastKnownFileType = sourcecode.swift; path = ViewCryptoControllerViewModel.swift; sourceTree = "<group>"; };
		0D28A12129EB6B5E00EC9420 /* CoinError.swift */ = {isa = PBXFileReference; lastKnownFileType = sourcecode.swift; path = CoinError.swift; sourceTree = "<group>"; };
		61793E6BFE88BA60E20F260A /* Pods-ICryypt-Pro.debug.xcconfig */ = {isa = PBXFileReference; includeInIndex = 1; lastKnownFileType = text.xcconfig; name = "Pods-ICryypt-Pro.debug.xcconfig"; path = "Target Support Files/Pods-ICryypt-Pro/Pods-ICryypt-Pro.debug.xcconfig"; sourceTree = "<group>"; };
		618347C8262B48C38B67EB1A /* Pods_ICryypt_Pro.framework */ = {isa = PBXFileReference; explicitFileType = wrapper.framework; includeInIndex = 0; path = Pods_ICryypt_Pro.framework; sourceTree = BUILT_PRODUCTS_DIR; };
		A6576ACB807E9936E8346AE5 /* Pods-ICryypt-Pro.release.xcconfig */ = {isa = PBXFileReference; includeInIndex = 1; lastKnownFileType = text.xcconfig; name = "Pods-ICryypt-Pro.release.xcconfig"; path = "Target Support Files/Pods-ICryypt-Pro/Pods-ICryypt-Pro.release.xcconfig"; sourceTree = "<group>"; };
/* End PBXFileReference section */

/* Begin PBXFrameworksBuildPhase section */
		0D28A0F729EB207F00EC9420 /* Frameworks */ = {
			isa = PBXFrameworksBuildPhase;
			buildActionMask = 2147483647;
			files = (
				6E603A20252D5B17A1FC802A /* Pods_ICryypt_Pro.framework in Frameworks */,
			);
			runOnlyForDeploymentPostprocessing = 0;
		};
/* End PBXFrameworksBuildPhase section */

/* Begin PBXGroup section */
		07885A61E17E6DD15466E640 /* Frameworks */ = {
			isa = PBXGroup;
			children = (
				618347C8262B48C38B67EB1A /* Pods_ICryypt_Pro.framework */,
			);
			name = Frameworks;
			sourceTree = "<group>";
		};
		0D28A0F129EB207F00EC9420 = {
			isa = PBXGroup;
			children = (
				0D28A0FC29EB207F00EC9420 /* ICryypt-Pro */,
				0D28A0FB29EB207F00EC9420 /* Products */,
				925DBCA05A942C0E0B5916F4 /* Pods */,
				07885A61E17E6DD15466E640 /* Frameworks */,
			);
			sourceTree = "<group>";
		};
		0D28A0FB29EB207F00EC9420 /* Products */ = {
			isa = PBXGroup;
			children = (
				0D28A0FA29EB207F00EC9420 /* ICryypt-Pro.app */,
			);
			name = Products;
			sourceTree = "<group>";
		};
		0D28A0FC29EB207F00EC9420 /* ICryypt-Pro */ = {
			isa = PBXGroup;
			children = (
				0D28A11529EB222700EC9420 /* ViewModels */,
				0D28A11429EB222000EC9420 /* Views */,
				0D28A11329EB221800EC9420 /* Models */,
				0D28A11229EB21FB00EC9420 /* Controllers */,
				0D28A11129EB21F100EC9420 /* API */,
				0D28A11629EB223200EC9420 /* Supporting */,
				0D28A10B29EB208100EC9420 /* Info.plist */,
			);
			path = "ICryypt-Pro";
			sourceTree = "<group>";
		};
		0D28A11129EB21F100EC9420 /* API */ = {
			isa = PBXGroup;
			children = (
				0D22089729F6C43500B545BE /* HTTP.swift */,
				0D22089929F6C46E00B545BE /* Endpoints.swift */,
				0D22089B29F6C48800B545BE /* CoinService.swift */,
			);
			path = API;
			sourceTree = "<group>";
		};
		0D28A11229EB21FB00EC9420 /* Controllers */ = {
			isa = PBXGroup;
			children = (
				0D28A10129EB207F00EC9420 /* HomeController.swift */,
				0D28A11D29EB2C8E00EC9420 /* ViewCryptoControllerViewController.swift */,
			);
			path = Controllers;
			sourceTree = "<group>";
		};
		0D28A11329EB221800EC9420 /* Models */ = {
			isa = PBXGroup;
			children = (
				0D28A11929EB23C100EC9420 /* Coin.swift */,
				0D28A12129EB6B5E00EC9420 /* CoinError.swift */,
			);
			path = Models;
			sourceTree = "<group>";
		};
		0D28A11429EB222000EC9420 /* Views */ = {
			isa = PBXGroup;
			children = (
				0D28A11B29EB246B00EC9420 /* CoinCell.swift */,
			);
			path = Views;
			sourceTree = "<group>";
		};
		0D28A11529EB222700EC9420 /* ViewModels */ = {
			isa = PBXGroup;
			children = (
				0D28A11F29EB315C00EC9420 /* ViewCryptoControllerViewModel.swift */,
				0D22089D29F6C4AE00B545BE /* HomeControllerViewModel.swift */,
			);
			path = ViewModels;
			sourceTree = "<group>";
		};
		0D28A11629EB223200EC9420 /* Supporting */ = {
			isa = PBXGroup;
			children = (
				0D28A10629EB208100EC9420 /* Assets.xcassets */,
				0D28A10829EB208100EC9420 /* LaunchScreen.storyboard */,
				0D28A0FD29EB207F00EC9420 /* AppDelegate.swift */,
				0D28A0FF29EB207F00EC9420 /* SceneDelegate.swift */,
				0D28A11729EB229200EC9420 /* Constants.swift */,
			);
			path = Supporting;
			sourceTree = "<group>";
		};
		925DBCA05A942C0E0B5916F4 /* Pods */ = {
			isa = PBXGroup;
			children = (
				61793E6BFE88BA60E20F260A /* Pods-ICryypt-Pro.debug.xcconfig */,
				A6576ACB807E9936E8346AE5 /* Pods-ICryypt-Pro.release.xcconfig */,
			);
			path = Pods;
			sourceTree = "<group>";
		};
/* End PBXGroup section */

/* Begin PBXNativeTarget section */
		0D28A0F929EB207F00EC9420 /* ICryypt-Pro */ = {
			isa = PBXNativeTarget;
			buildConfigurationList = 0D28A10E29EB208100EC9420 /* Build configuration list for PBXNativeTarget "ICryypt-Pro" */;
			buildPhases = (
				C5C14A0CFB765EF710FA2E7F /* [CP] Check Pods Manifest.lock */,
				0D28A0F629EB207F00EC9420 /* Sources */,
				0D28A0F729EB207F00EC9420 /* Frameworks */,
				0D28A0F829EB207F00EC9420 /* Resources */,
				E91E57554732A95AF42524F9 /* [CP] Embed Pods Frameworks */,
			);
			buildRules = (
			);
			dependencies = (
			);
			name = "ICryypt-Pro";
			productName = "ICryypt-Pro";
			productReference = 0D28A0FA29EB207F00EC9420 /* ICryypt-Pro.app */;
			productType = "com.apple.product-type.application";
		};
/* End PBXNativeTarget section */

/* Begin PBXProject section */
		0D28A0F229EB207F00EC9420 /* Project object */ = {
			isa = PBXProject;
			attributes = {
				BuildIndependentTargetsInParallel = 1;
				LastSwiftUpdateCheck = 1420;
				LastUpgradeCheck = 1420;
				TargetAttributes = {
					0D28A0F929EB207F00EC9420 = {
						CreatedOnToolsVersion = 14.2;
					};
				};
			};
			buildConfigurationList = 0D28A0F529EB207F00EC9420 /* Build configuration list for PBXProject "ICryypt-Pro" */;
			compatibilityVersion = "Xcode 14.0";
			developmentRegion = en;
			hasScannedForEncodings = 0;
			knownRegions = (
				en,
				Base,
			);
			mainGroup = 0D28A0F129EB207F00EC9420;
			productRefGroup = 0D28A0FB29EB207F00EC9420 /* Products */;
			projectDirPath = "";
			projectRoot = "";
			targets = (
				0D28A0F929EB207F00EC9420 /* ICryypt-Pro */,
			);
		};
/* End PBXProject section */

/* Begin PBXResourcesBuildPhase section */
		0D28A0F829EB207F00EC9420 /* Resources */ = {
			isa = PBXResourcesBuildPhase;
			buildActionMask = 2147483647;
			files = (
				0D28A10A29EB208100EC9420 /* LaunchScreen.storyboard in Resources */,
				0D28A10729EB208100EC9420 /* Assets.xcassets in Resources */,
			);
			runOnlyForDeploymentPostprocessing = 0;
		};
/* End PBXResourcesBuildPhase section */

/* Begin PBXShellScriptBuildPhase section */
		C5C14A0CFB765EF710FA2E7F /* [CP] Check Pods Manifest.lock */ = {
			isa = PBXShellScriptBuildPhase;
			buildActionMask = 2147483647;
			files = (
			);
			inputFileListPaths = (
			);
			inputPaths = (
				"${PODS_PODFILE_DIR_PATH}/Podfile.lock",
				"${PODS_ROOT}/Manifest.lock",
			);
			name = "[CP] Check Pods Manifest.lock";
			outputFileListPaths = (
			);
			outputPaths = (
				"$(DERIVED_FILE_DIR)/Pods-ICryypt-Pro-checkManifestLockResult.txt",
			);
			runOnlyForDeploymentPostprocessing = 0;
			shellPath = /bin/sh;
			shellScript = "diff \"${PODS_PODFILE_DIR_PATH}/Podfile.lock\" \"${PODS_ROOT}/Manifest.lock\" > /dev/null\nif [ $? != 0 ] ; then\n    # print error to STDERR\n    echo \"error: The sandbox is not in sync with the Podfile.lock. Run 'pod install' or update your CocoaPods installation.\" >&2\n    exit 1\nfi\n# This output is used by Xcode 'outputs' to avoid re-running this script phase.\necho \"SUCCESS\" > \"${SCRIPT_OUTPUT_FILE_0}\"\n";
			showEnvVarsInLog = 0;
		};
		E91E57554732A95AF42524F9 /* [CP] Embed Pods Frameworks */ = {
			isa = PBXShellScriptBuildPhase;
			buildActionMask = 2147483647;
			files = (
			);
			inputFileListPaths = (
				"${PODS_ROOT}/Target Support Files/Pods-ICryypt-Pro/Pods-ICryypt-Pro-frameworks-${CONFIGURATION}-input-files.xcfilelist",
			);
			name = "[CP] Embed Pods Frameworks";
			outputFileListPaths = (
				"${PODS_ROOT}/Target Support Files/Pods-ICryypt-Pro/Pods-ICryypt-Pro-frameworks-${CONFIGURATION}-output-files.xcfilelist",
			);
			runOnlyForDeploymentPostprocessing = 0;
			shellPath = /bin/sh;
			shellScript = "\"${PODS_ROOT}/Target Support Files/Pods-ICryypt-Pro/Pods-ICryypt-Pro-frameworks.sh\"\n";
			showEnvVarsInLog = 0;
		};
/* End PBXShellScriptBuildPhase section */

/* Begin PBXSourcesBuildPhase section */
		0D28A0F629EB207F00EC9420 /* Sources */ = {
			isa = PBXSourcesBuildPhase;
			buildActionMask = 2147483647;
			files = (
				0D28A10229EB207F00EC9420 /* HomeController.swift in Sources */,
				0D28A0FE29EB207F00EC9420 /* AppDelegate.swift in Sources */,
				0D28A12029EB315C00EC9420 /* ViewCryptoControllerViewModel.swift in Sources */,
				0D28A11E29EB2C8F00EC9420 /* ViewCryptoControllerViewController.swift in Sources */,
				0D28A10029EB207F00EC9420 /* SceneDelegate.swift in Sources */,
				0D22089829F6C43500B545BE /* HTTP.swift in Sources */,
				0D28A12229EB6B5E00EC9420 /* CoinError.swift in Sources */,
				0D28A11A29EB23C100EC9420 /* Coin.swift in Sources */,
				0D22089E29F6C4AE00B545BE /* HomeControllerViewModel.swift in Sources */,
				0D28A11C29EB246B00EC9420 /* CoinCell.swift in Sources */,
				0D28A11829EB229200EC9420 /* Constants.swift in Sources */,
				0D22089C29F6C48800B545BE /* CoinService.swift in Sources */,
				0D22089A29F6C46E00B545BE /* Endpoints.swift in Sources */,
			);
			runOnlyForDeploymentPostprocessing = 0;
		};
/* End PBXSourcesBuildPhase section */

/* Begin PBXVariantGroup section */
		0D28A10829EB208100EC9420 /* LaunchScreen.storyboard */ = {
			isa = PBXVariantGroup;
			children = (
				0D28A10929EB208100EC9420 /* Base */,
			);
			name = LaunchScreen.storyboard;
			sourceTree = "<group>";
		};
/* End PBXVariantGroup section */

/* Begin XCBuildConfiguration section */
		0D28A10C29EB208100EC9420 /* Debug */ = {
			isa = XCBuildConfiguration;
			buildSettings = {
				ALWAYS_SEARCH_USER_PATHS = NO;
				CLANG_ANALYZER_NONNULL = YES;
				CLANG_ANALYZER_NUMBER_OBJECT_CONVERSION = YES_AGGRESSIVE;
				CLANG_CXX_LANGUAGE_STANDARD = "gnu++20";
				CLANG_ENABLE_MODULES = YES;
				CLANG_ENABLE_OBJC_ARC = YES;
				CLANG_ENABLE_OBJC_WEAK = YES;
				CLANG_WARN_BLOCK_CAPTURE_AUTORELEASING = YES;
				CLANG_WARN_BOOL_CONVERSION = YES;
				CLANG_WARN_COMMA = YES;
				CLANG_WARN_CONSTANT_CONVERSION = YES;
				CLANG_WARN_DEPRECATED_OBJC_IMPLEMENTATIONS = YES;
				CLANG_WARN_DIRECT_OBJC_ISA_USAGE = YES_ERROR;
				CLANG_WARN_DOCUMENTATION_COMMENTS = YES;
				CLANG_WARN_EMPTY_BODY = YES;
				CLANG_WARN_ENUM_CONVERSION = YES;
				CLANG_WARN_INFINITE_RECURSION = YES;
				CLANG_WARN_INT_CONVERSION = YES;
				CLANG_WARN_NON_LITERAL_NULL_CONVERSION = YES;
				CLANG_WARN_OBJC_IMPLICIT_RETAIN_SELF = YES;
				CLANG_WARN_OBJC_LITERAL_CONVERSION = YES;
				CLANG_WARN_OBJC_ROOT_CLASS = YES_ERROR;
				CLANG_WARN_QUOTED_INCLUDE_IN_FRAMEWORK_HEADER = YES;
				CLANG_WARN_RANGE_LOOP_ANALYSIS = YES;
				CLANG_WARN_STRICT_PROTOTYPES = YES;
				CLANG_WARN_SUSPICIOUS_MOVE = YES;
				CLANG_WARN_UNGUARDED_AVAILABILITY = YES_AGGRESSIVE;
				CLANG_WARN_UNREACHABLE_CODE = YES;
				CLANG_WARN__DUPLICATE_METHOD_MATCH = YES;
				COPY_PHASE_STRIP = NO;
				DEBUG_INFORMATION_FORMAT = dwarf;
				ENABLE_STRICT_OBJC_MSGSEND = YES;
				ENABLE_TESTABILITY = YES;
				GCC_C_LANGUAGE_STANDARD = gnu11;
				GCC_DYNAMIC_NO_PIC = NO;
				GCC_NO_COMMON_BLOCKS = YES;
				GCC_OPTIMIZATION_LEVEL = 0;
				GCC_PREPROCESSOR_DEFINITIONS = (
					"DEBUG=1",
					"$(inherited)",
				);
				GCC_WARN_64_TO_32_BIT_CONVERSION = YES;
				GCC_WARN_ABOUT_RETURN_TYPE = YES_ERROR;
				GCC_WARN_UNDECLARED_SELECTOR = YES;
				GCC_WARN_UNINITIALIZED_AUTOS = YES_AGGRESSIVE;
				GCC_WARN_UNUSED_FUNCTION = YES;
				GCC_WARN_UNUSED_VARIABLE = YES;
				IPHONEOS_DEPLOYMENT_TARGET = 14.0;
				MTL_ENABLE_DEBUG_INFO = INCLUDE_SOURCE;
				MTL_FAST_MATH = YES;
				ONLY_ACTIVE_ARCH = YES;
				SDKROOT = iphoneos;
				SWIFT_ACTIVE_COMPILATION_CONDITIONS = DEBUG;
				SWIFT_OPTIMIZATION_LEVEL = "-Onone";
			};
			name = Debug;
		};
		0D28A10D29EB208100EC9420 /* Release */ = {
			isa = XCBuildConfiguration;
			buildSettings = {
				ALWAYS_SEARCH_USER_PATHS = NO;
				CLANG_ANALYZER_NONNULL = YES;
				CLANG_ANALYZER_NUMBER_OBJECT_CONVERSION = YES_AGGRESSIVE;
				CLANG_CXX_LANGUAGE_STANDARD = "gnu++20";
				CLANG_ENABLE_MODULES = YES;
				CLANG_ENABLE_OBJC_ARC = YES;
				CLANG_ENABLE_OBJC_WEAK = YES;
				CLANG_WARN_BLOCK_CAPTURE_AUTORELEASING = YES;
				CLANG_WARN_BOOL_CONVERSION = YES;
				CLANG_WARN_COMMA = YES;
				CLANG_WARN_CONSTANT_CONVERSION = YES;
				CLANG_WARN_DEPRECATED_OBJC_IMPLEMENTATIONS = YES;
				CLANG_WARN_DIRECT_OBJC_ISA_USAGE = YES_ERROR;
				CLANG_WARN_DOCUMENTATION_COMMENTS = YES;
				CLANG_WARN_EMPTY_BODY = YES;
				CLANG_WARN_ENUM_CONVERSION = YES;
				CLANG_WARN_INFINITE_RECURSION = YES;
				CLANG_WARN_INT_CONVERSION = YES;
				CLANG_WARN_NON_LITERAL_NULL_CONVERSION = YES;
				CLANG_WARN_OBJC_IMPLICIT_RETAIN_SELF = YES;
				CLANG_WARN_OBJC_LITERAL_CONVERSION = YES;
				CLANG_WARN_OBJC_ROOT_CLASS = YES_ERROR;
				CLANG_WARN_QUOTED_INCLUDE_IN_FRAMEWORK_HEADER = YES;
				CLANG_WARN_RANGE_LOOP_ANALYSIS = YES;
				CLANG_WARN_STRICT_PROTOTYPES = YES;
				CLANG_WARN_SUSPICIOUS_MOVE = YES;
				CLANG_WARN_UNGUARDED_AVAILABILITY = YES_AGGRESSIVE;
				CLANG_WARN_UNREACHABLE_CODE = YES;
				CLANG_WARN__DUPLICATE_METHOD_MATCH = YES;
				COPY_PHASE_STRIP = NO;
				DEBUG_INFORMATION_FORMAT = "dwarf-with-dsym";
				ENABLE_NS_ASSERTIONS = NO;
				ENABLE_STRICT_OBJC_MSGSEND = YES;
				GCC_C_LANGUAGE_STANDARD = gnu11;
				GCC_NO_COMMON_BLOCKS = YES;
				GCC_WARN_64_TO_32_BIT_CONVERSION = YES;
				GCC_WARN_ABOUT_RETURN_TYPE = YES_ERROR;
				GCC_WARN_UNDECLARED_SELECTOR = YES;
				GCC_WARN_UNINITIALIZED_AUTOS = YES_AGGRESSIVE;
				GCC_WARN_UNUSED_FUNCTION = YES;
				GCC_WARN_UNUSED_VARIABLE = YES;
				IPHONEOS_DEPLOYMENT_TARGET = 14.0;
				MTL_ENABLE_DEBUG_INFO = NO;
				MTL_FAST_MATH = YES;
				SDKROOT = iphoneos;
				SWIFT_COMPILATION_MODE = wholemodule;
				SWIFT_OPTIMIZATION_LEVEL = "-O";
				VALIDATE_PRODUCT = YES;
			};
			name = Release;
		};
		0D28A10F29EB208100EC9420 /* Debug */ = {
			isa = XCBuildConfiguration;
			baseConfigurationReference = 61793E6BFE88BA60E20F260A /* Pods-ICryypt-Pro.debug.xcconfig */;
			buildSettings = {
				ASSETCATALOG_COMPILER_APPICON_NAME = AppIcon;
				ASSETCATALOG_COMPILER_GLOBAL_ACCENT_COLOR_NAME = AccentColor;
				CODE_SIGN_STYLE = Automatic;
				CURRENT_PROJECT_VERSION = 1;
				DEVELOPMENT_TEAM = 7RY3ZH3AW2;
				GENERATE_INFOPLIST_FILE = YES;
				INFOPLIST_FILE = "ICryypt-Pro/Info.plist";
				INFOPLIST_KEY_UIApplicationSupportsIndirectInputEvents = YES;
				INFOPLIST_KEY_UILaunchStoryboardName = LaunchScreen;
				INFOPLIST_KEY_UISupportedInterfaceOrientations_iPad = "UIInterfaceOrientationPortrait UIInterfaceOrientationPortraitUpsideDown UIInterfaceOrientationLandscapeLeft UIInterfaceOrientationLandscapeRight";
				INFOPLIST_KEY_UISupportedInterfaceOrientations_iPhone = "UIInterfaceOrientationPortrait UIInterfaceOrientationLandscapeLeft UIInterfaceOrientationLandscapeRight";
				IPHONEOS_DEPLOYMENT_TARGET = 14.0;
				LD_RUNPATH_SEARCH_PATHS = (
					"$(inherited)",
					"@executable_path/Frameworks",
				);
				MARKETING_VERSION = 1.0;
				PRODUCT_BUNDLE_IDENTIFIER = "mmjck.ICryypt-Pro";
				PRODUCT_NAME = "$(TARGET_NAME)";
				SWIFT_EMIT_LOC_STRINGS = YES;
				SWIFT_VERSION = 5.0;
				TARGETED_DEVICE_FAMILY = "1,2";
			};
			name = Debug;
		};
		0D28A11029EB208100EC9420 /* Release */ = {
			isa = XCBuildConfiguration;
			baseConfigurationReference = A6576ACB807E9936E8346AE5 /* Pods-ICryypt-Pro.release.xcconfig */;
			buildSettings = {
				ASSETCATALOG_COMPILER_APPICON_NAME = AppIcon;
				ASSETCATALOG_COMPILER_GLOBAL_ACCENT_COLOR_NAME = AccentColor;
				CODE_SIGN_STYLE = Automatic;
				CURRENT_PROJECT_VERSION = 1;
				DEVELOPMENT_TEAM = 7RY3ZH3AW2;
				GENERATE_INFOPLIST_FILE = YES;
				INFOPLIST_FILE = "ICryypt-Pro/Info.plist";
				INFOPLIST_KEY_UIApplicationSupportsIndirectInputEvents = YES;
				INFOPLIST_KEY_UILaunchStoryboardName = LaunchScreen;
				INFOPLIST_KEY_UISupportedInterfaceOrientations_iPad = "UIInterfaceOrientationPortrait UIInterfaceOrientationPortraitUpsideDown UIInterfaceOrientationLandscapeLeft UIInterfaceOrientationLandscapeRight";
				INFOPLIST_KEY_UISupportedInterfaceOrientations_iPhone = "UIInterfaceOrientationPortrait UIInterfaceOrientationLandscapeLeft UIInterfaceOrientationLandscapeRight";
				IPHONEOS_DEPLOYMENT_TARGET = 14.0;
				LD_RUNPATH_SEARCH_PATHS = (
					"$(inherited)",
					"@executable_path/Frameworks",
				);
				MARKETING_VERSION = 1.0;
				PRODUCT_BUNDLE_IDENTIFIER = "mmjck.ICryypt-Pro";
				PRODUCT_NAME = "$(TARGET_NAME)";
				SWIFT_EMIT_LOC_STRINGS = YES;
				SWIFT_VERSION = 5.0;
				TARGETED_DEVICE_FAMILY = "1,2";
			};
			name = Release;
		};
/* End XCBuildConfiguration section */

/* Begin XCConfigurationList section */
		0D28A0F529EB207F00EC9420 /* Build configuration list for PBXProject "ICryypt-Pro" */ = {
			isa = XCConfigurationList;
			buildConfigurations = (
				0D28A10C29EB208100EC9420 /* Debug */,
				0D28A10D29EB208100EC9420 /* Release */,
			);
			defaultConfigurationIsVisible = 0;
			defaultConfigurationName = Release;
		};
		0D28A10E29EB208100EC9420 /* Build configuration list for PBXNativeTarget "ICryypt-Pro" */ = {
			isa = XCConfigurationList;
			buildConfigurations = (
				0D28A10F29EB208100EC9420 /* Debug */,
				0D28A11029EB208100EC9420 /* Release */,
			);
			defaultConfigurationIsVisible = 0;
			defaultConfigurationName = Release;
		};
/* End XCConfigurationList section */
	};
	rootObject = 0D28A0F229EB207F00EC9420 /* Project object */;
}
